
Microsoft Visual Studio Solution File, Format Version 12.00
# Visual Studio 14
VisualStudioVersion = 14.0.25420.1
MinimumVisualStudioVersion = 10.0.40219.1
Project("{FAE04EC0-301F-11D3-BF4B-00C04F79EFBC}") = "ejercicio12", "ejercicio12\ejercicio12.csproj", "{11C4E0FD-0BF2-43E7-B4FE-C61898F47011}"
EndProject
Global
	GlobalSection(SolutionConfigurationPlatforms) = preSolution
		Debug|Any CPU = Debug|Any CPU
		Release|Any CPU = Release|Any CPU
	EndGlobalSection
	GlobalSection(ProjectConfigurationPlatforms) = postSolution
		{11C4E0FD-0BF2-43E7-B4FE-C61898F47011}.Debug|Any CPU.ActiveCfg = Debug|Any CPU
		{11C4E0FD-0BF2-43E7-B4FE-C61898F47011}.Debug|Any CPU.Build.0 = Debug|Any CPU
		{11C4E0FD-0BF2-43E7-B4FE-C61898F47011}.Release|Any CPU.ActiveCfg = Release|Any CPU
		{11C4E0FD-0BF2-43E7-B4FE-C61898F47011}.Release|Any CPU.Build.0 = Release|Any CPU
	EndGlobalSection
	GlobalSection(SolutionProperties) = preSolution
		HideSolutionNode = FALSE
	EndGlobalSection
EndGlobal
